// !$*UTF8*$!
{
	archiveVersion = 1;
	classes = {
	};
	objectVersion = 50;
	objects = {

/* Begin PBXBuildFile section */
		1FA5156B23B574C8008A1713 /* AppDelegate.swift in Sources */ = {isa = PBXBuildFile; fileRef = 1FA5156A23B574C8008A1713 /* AppDelegate.swift */; };
		1FA5156D23B574C8008A1713 /* SceneDelegate.swift in Sources */ = {isa = PBXBuildFile; fileRef = 1FA5156C23B574C8008A1713 /* SceneDelegate.swift */; };
		1FA5156F23B574C8008A1713 /* ViewController.swift in Sources */ = {isa = PBXBuildFile; fileRef = 1FA5156E23B574C8008A1713 /* ViewController.swift */; };
		1FA5157223B574C8008A1713 /* Main.storyboard in Resources */ = {isa = PBXBuildFile; fileRef = 1FA5157023B574C8008A1713 /* Main.storyboard */; };
		1FA5157423B574C8008A1713 /* Assets.xcassets in Resources */ = {isa = PBXBuildFile; fileRef = 1FA5157323B574C8008A1713 /* Assets.xcassets */; };
		1FA5157723B574C8008A1713 /* LaunchScreen.storyboard in Resources */ = {isa = PBXBuildFile; fileRef = 1FA5157523B574C8008A1713 /* LaunchScreen.storyboard */; };
		7DDD5B9CE326E92DCC7FB6CA /* Pods_Inspiration.framework in Frameworks */ = {isa = PBXBuildFile; fileRef = F82A4F3BB199BAD5998508B6 /* Pods_Inspiration.framework */; };
/* End PBXBuildFile section */

/* Begin PBXFileReference section */
		1FA5156723B574C8008A1713 /* Inspiration.app */ = {isa = PBXFileReference; explicitFileType = wrapper.application; includeInIndex = 0; path = Inspiration.app; sourceTree = BUILT_PRODUCTS_DIR; };
		1FA5156A23B574C8008A1713 /* AppDelegate.swift */ = {isa = PBXFileReference; lastKnownFileType = sourcecode.swift; path = AppDelegate.swift; sourceTree = "<group>"; };
		1FA5156C23B574C8008A1713 /* SceneDelegate.swift */ = {isa = PBXFileReference; lastKnownFileType = sourcecode.swift; path = SceneDelegate.swift; sourceTree = "<group>"; };
		1FA5156E23B574C8008A1713 /* ViewController.swift */ = {isa = PBXFileReference; lastKnownFileType = sourcecode.swift; path = ViewController.swift; sourceTree = "<group>"; };
		1FA5157123B574C8008A1713 /* Base */ = {isa = PBXFileReference; lastKnownFileType = file.storyboard; name = Base; path = Base.lproj/Main.storyboard; sourceTree = "<group>"; };
		1FA5157323B574C8008A1713 /* Assets.xcassets */ = {isa = PBXFileReference; lastKnownFileType = folder.assetcatalog; path = Assets.xcassets; sourceTree = "<group>"; };
		1FA5157623B574C8008A1713 /* Base */ = {isa = PBXFileReference; lastKnownFileType = file.storyboard; name = Base; path = Base.lproj/LaunchScreen.storyboard; sourceTree = "<group>"; };
		1FA5157823B574C8008A1713 /* Info.plist */ = {isa = PBXFileReference; lastKnownFileType = text.plist.xml; path = Info.plist; sourceTree = "<group>"; };
		8CCF5332D2742689E71275D6 /* Pods-Inspiration.debug.xcconfig */ = {isa = PBXFileReference; includeInIndex = 1; lastKnownFileType = text.xcconfig; name = "Pods-Inspiration.debug.xcconfig"; path = "Target Support Files/Pods-Inspiration/Pods-Inspiration.debug.xcconfig"; sourceTree = "<group>"; };
		ACB0EED5FD46EBC1A2E94BCE /* Pods-Inspiration.release.xcconfig */ = {isa = PBXFileReference; includeInIndex = 1; lastKnownFileType = text.xcconfig; name = "Pods-Inspiration.release.xcconfig"; path = "Target Support Files/Pods-Inspiration/Pods-Inspiration.release.xcconfig"; sourceTree = "<group>"; };
		F82A4F3BB199BAD5998508B6 /* Pods_Inspiration.framework */ = {isa = PBXFileReference; explicitFileType = wrapper.framework; includeInIndex = 0; path = Pods_Inspiration.framework; sourceTree = BUILT_PRODUCTS_DIR; };
/* End PBXFileReference section */

/* Begin PBXFrameworksBuildPhase section */
		1FA5156423B574C8008A1713 /* Frameworks */ = {
			isa = PBXFrameworksBuildPhase;
			buildActionMask = 2147483647;
			files = (
				7DDD5B9CE326E92DCC7FB6CA /* Pods_Inspiration.framework in Frameworks */,
			);
			runOnlyForDeploymentPostprocessing = 0;
		};
/* End PBXFrameworksBuildPhase section */

/* Begin PBXGroup section */
		1FA5155E23B574C8008A1713 = {
			isa = PBXGroup;
			children = (
				1FA5156923B574C8008A1713 /* Inspiration */,
				1FA5156823B574C8008A1713 /* Products */,
				27BA3A509E8C37100CF9073F /* Pods */,
				BADFEA9D040E3BE20E56B005 /* Frameworks */,
			);
			sourceTree = "<group>";
		};
		1FA5156823B574C8008A1713 /* Products */ = {
			isa = PBXGroup;
			children = (
				1FA5156723B574C8008A1713 /* Inspiration.app */,
			);
			name = Products;
			sourceTree = "<group>";
		};
		1FA5156923B574C8008A1713 /* Inspiration */ = {
			isa = PBXGroup;
			children = (
				1FA5156A23B574C8008A1713 /* AppDelegate.swift */,
				1FA5156C23B574C8008A1713 /* SceneDelegate.swift */,
				1FA5156E23B574C8008A1713 /* ViewController.swift */,
				1FA5157023B574C8008A1713 /* Main.storyboard */,
				1FA5157323B574C8008A1713 /* Assets.xcassets */,
				1FA5157523B574C8008A1713 /* LaunchScreen.storyboard */,
				1FA5157823B574C8008A1713 /* Info.plist */,
			);
			path = Inspiration;
			sourceTree = "<group>";
		};
		27BA3A509E8C37100CF9073F /* Pods */ = {
			isa = PBXGroup;
			children = (
				8CCF5332D2742689E71275D6 /* Pods-Inspiration.debug.xcconfig */,
				ACB0EED5FD46EBC1A2E94BCE /* Pods-Inspiration.release.xcconfig */,
			);
			name = Pods;
			path = Pods;
			sourceTree = "<group>";
		};
		BADFEA9D040E3BE20E56B005 /* Frameworks */ = {
			isa = PBXGroup;
			children = (
				F82A4F3BB199BAD5998508B6 /* Pods_Inspiration.framework */,
			);
			name = Frameworks;
			sourceTree = "<group>";
		};
/* End PBXGroup section */

/* Begin PBXNativeTarget section */
		1FA5156623B574C8008A1713 /* Inspiration */ = {
			isa = PBXNativeTarget;
			buildConfigurationList = 1FA5157B23B574C8008A1713 /* Build configuration list for PBXNativeTarget "Inspiration" */;
			buildPhases = (
				B3AB9DB67E3486A01B9A4DF8 /* [CP] Check Pods Manifest.lock */,
				1FA5156323B574C8008A1713 /* Sources */,
				1FA5156423B574C8008A1713 /* Frameworks */,
				1FA5156523B574C8008A1713 /* Resources */,
				DBB37B8094AF14F0E78B44CD /* [CP] Embed Pods Frameworks */,
			);
			buildRules = (
			);
			dependencies = (
			);
			name = Inspiration;
			productName = Inspiration;
			productReference = 1FA5156723B574C8008A1713 /* Inspiration.app */;
			productType = "com.apple.product-type.application";
		};
/* End PBXNativeTarget section */

/* Begin PBXProject section */
		1FA5155F23B574C8008A1713 /* Project object */ = {
			isa = PBXProject;
			attributes = {
				LastSwiftUpdateCheck = 1130;
				LastUpgradeCheck = 1130;
				ORGANIZATIONNAME = "Jake Garcia";
				TargetAttributes = {
					1FA5156623B574C8008A1713 = {
						CreatedOnToolsVersion = 11.3;
					};
				};
			};
			buildConfigurationList = 1FA5156223B574C8008A1713 /* Build configuration list for PBXProject "Inspiration" */;
			compatibilityVersion = "Xcode 9.3";
			developmentRegion = en;
			hasScannedForEncodings = 0;
			knownRegions = (
				en,
				Base,
			);
			mainGroup = 1FA5155E23B574C8008A1713;
			productRefGroup = 1FA5156823B574C8008A1713 /* Products */;
			projectDirPath = "";
			projectRoot = "";
			targets = (
				1FA5156623B574C8008A1713 /* Inspiration */,
			);
		};
/* End PBXProject section */

/* Begin PBXResourcesBuildPhase section */
		1FA5156523B574C8008A1713 /* Resources */ = {
			isa = PBXResourcesBuildPhase;
			buildActionMask = 2147483647;
			files = (
				1FA5157723B574C8008A1713 /* LaunchScreen.storyboard in Resources */,
				1FA5157423B574C8008A1713 /* Assets.xcassets in Resources */,
				1FA5157223B574C8008A1713 /* Main.storyboard in Resources */,
			);
			runOnlyForDeploymentPostprocessing = 0;
		};
/* End PBXResourcesBuildPhase section */

/* Begin PBXShellScriptBuildPhase section */
		B3AB9DB67E3486A01B9A4DF8 /* [CP] Check Pods Manifest.lock */ = {
			isa = PBXShellScriptBuildPhase;
			buildActionMask = 2147483647;
			files = (
			);
			inputFileListPaths = (
			);
			inputPaths = (
				"${PODS_PODFILE_DIR_PATH}/Podfile.lock",
				"${PODS_ROOT}/Manifest.lock",
			);
			name = "[CP] Check Pods Manifest.lock";
			outputFileListPaths = (
			);
			outputPaths = (
				"$(DERIVED_FILE_DIR)/Pods-Inspiration-checkManifestLockResult.txt",
			);
			runOnlyForDeploymentPostprocessing = 0;
			shellPath = /bin/sh;
			shellScript = "diff \"${PODS_PODFILE_DIR_PATH}/Podfile.lock\" \"${PODS_ROOT}/Manifest.lock\" > /dev/null\nif [ $? != 0 ] ; then\n    # print error to STDERR\n    echo \"error: The sandbox is not in sync with the Podfile.lock. Run 'pod install' or update your CocoaPods installation.\" >&2\n    exit 1\nfi\n# This output is used by Xcode 'outputs' to avoid re-running this script phase.\necho \"SUCCESS\" > \"${SCRIPT_OUTPUT_FILE_0}\"\n";
			showEnvVarsInLog = 0;
		};
		DBB37B8094AF14F0E78B44CD /* [CP] Embed Pods Frameworks */ = {
			isa = PBXShellScriptBuildPhase;
			buildActionMask = 2147483647;
			files = (
			);
			inputFileListPaths = (
				"${PODS_ROOT}/Target Support Files/Pods-Inspiration/Pods-Inspiration-frameworks-${CONFIGURATION}-input-files.xcfilelist",
			);
			name = "[CP] Embed Pods Frameworks";
			outputFileListPaths = (
				"${PODS_ROOT}/Target Support Files/Pods-Inspiration/Pods-Inspiration-frameworks-${CONFIGURATION}-output-files.xcfilelist",
			);
			runOnlyForDeploymentPostprocessing = 0;
			shellPath = /bin/sh;
			shellScript = "\"${PODS_ROOT}/Target Support Files/Pods-Inspiration/Pods-Inspiration-frameworks.sh\"\n";
			showEnvVarsInLog = 0;
		};
/* End PBXShellScriptBuildPhase section */

/* Begin PBXSourcesBuildPhase section */
		1FA5156323B574C8008A1713 /* Sources */ = {
			isa = PBXSourcesBuildPhase;
			buildActionMask = 2147483647;
			files = (
				1FA5156F23B574C8008A1713 /* ViewController.swift in Sources */,
				1FA5156B23B574C8008A1713 /* AppDelegate.swift in Sources */,
				1FA5156D23B574C8008A1713 /* SceneDelegate.swift in Sources */,
			);
			runOnlyForDeploymentPostprocessing = 0;
		};
/* End PBXSourcesBuildPhase section */

/* Begin PBXVariantGroup section */
		1FA5157023B574C8008A1713 /* Main.storyboard */ = {
			isa = PBXVariantGroup;
			children = (
				1FA5157123B574C8008A1713 /* Base */,
			);
			name = Main.storyboard;
			sourceTree = "<group>";
		};
		1FA5157523B574C8008A1713 /* LaunchScreen.storyboard */ = {
			isa = PBXVariantGroup;
			children = (
				1FA5157623B574C8008A1713 /* Base */,
			);
			name = LaunchScreen.storyboard;
			sourceTree = "<group>";
		};
/* End PBXVariantGroup section */

/* Begin XCBuildConfiguration section */
		1FA5157923B574C8008A1713 /* Debug */ = {
			isa = XCBuildConfiguration;
			buildSettings = {
				ALWAYS_SEARCH_USER_PATHS = NO;
				CLANG_ANALYZER_NONNULL = YES;
				CLANG_ANALYZER_NUMBER_OBJECT_CONVERSION = YES_AGGRESSIVE;
				CLANG_CXX_LANGUAGE_STANDARD = "gnu++14";
				CLANG_CXX_LIBRARY = "libc++";
				CLANG_ENABLE_MODULES = YES;
				CLANG_ENABLE_OBJC_ARC = YES;
				CLANG_ENABLE_OBJC_WEAK = YES;
				CLANG_WARN_BLOCK_CAPTURE_AUTORELEASING = YES;
				CLANG_WARN_BOOL_CONVERSION = YES;
				CLANG_WARN_COMMA = YES;
				CLANG_WARN_CONSTANT_CONVERSION = YES;
				CLANG_WARN_DEPRECATED_OBJC_IMPLEMENTATIONS = YES;
				CLANG_WARN_DIRECT_OBJC_ISA_USAGE = YES_ERROR;
				CLANG_WARN_DOCUMENTATION_COMMENTS = YES;
				CLANG_WARN_EMPTY_BODY = YES;
				CLANG_WARN_ENUM_CONVERSION = YES;
				CLANG_WARN_INFINITE_RECURSION = YES;
				CLANG_WARN_INT_CONVERSION = YES;
				CLANG_WARN_NON_LITERAL_NULL_CONVERSION = YES;
				CLANG_WARN_OBJC_IMPLICIT_RETAIN_SELF = YES;
				CLANG_WARN_OBJC_LITERAL_CONVERSION = YES;
				CLANG_WARN_OBJC_ROOT_CLASS = YES_ERROR;
				CLANG_WARN_RANGE_LOOP_ANALYSIS = YES;
				CLANG_WARN_STRICT_PROTOTYPES = YES;
				CLANG_WARN_SUSPICIOUS_MOVE = YES;
				CLANG_WARN_UNGUARDED_AVAILABILITY = YES_AGGRESSIVE;
				CLANG_WARN_UNREACHABLE_CODE = YES;
				CLANG_WARN__DUPLICATE_METHOD_MATCH = YES;
				COPY_PHASE_STRIP = NO;
				DEBUG_INFORMATION_FORMAT = dwarf;
				ENABLE_STRICT_OBJC_MSGSEND = YES;
				ENABLE_TESTABILITY = YES;
				GCC_C_LANGUAGE_STANDARD = gnu11;
				GCC_DYNAMIC_NO_PIC = NO;
				GCC_NO_COMMON_BLOCKS = YES;
				GCC_OPTIMIZATION_LEVEL = 0;
				GCC_PREPROCESSOR_DEFINITIONS = (
					"DEBUG=1",
					"$(inherited)",
				);
				GCC_WARN_64_TO_32_BIT_CONVERSION = YES;
				GCC_WARN_ABOUT_RETURN_TYPE = YES_ERROR;
				GCC_WARN_UNDECLARED_SELECTOR = YES;
				GCC_WARN_UNINITIALIZED_AUTOS = YES_AGGRESSIVE;
				GCC_WARN_UNUSED_FUNCTION = YES;
				GCC_WARN_UNUSED_VARIABLE = YES;
				IPHONEOS_DEPLOYMENT_TARGET = 13.2;
				MTL_ENABLE_DEBUG_INFO = INCLUDE_SOURCE;
				MTL_FAST_MATH = YES;
				ONLY_ACTIVE_ARCH = YES;
				SDKROOT = iphoneos;
				SWIFT_ACTIVE_COMPILATION_CONDITIONS = DEBUG;
				SWIFT_OPTIMIZATION_LEVEL = "-Onone";
			};
			name = Debug;
		};
		1FA5157A23B574C8008A1713 /* Release */ = {
			isa = XCBuildConfiguration;
			buildSettings = {
				ALWAYS_SEARCH_USER_PATHS = NO;
				CLANG_ANALYZER_NONNULL = YES;
				CLANG_ANALYZER_NUMBER_OBJECT_CONVERSION = YES_AGGRESSIVE;
				CLANG_CXX_LANGUAGE_STANDARD = "gnu++14";
				CLANG_CXX_LIBRARY = "libc++";
				CLANG_ENABLE_MODULES = YES;
				CLANG_ENABLE_OBJC_ARC = YES;
				CLANG_ENABLE_OBJC_WEAK = YES;
				CLANG_WARN_BLOCK_CAPTURE_AUTORELEASING = YES;
				CLANG_WARN_BOOL_CONVERSION = YES;
				CLANG_WARN_COMMA = YES;
				CLANG_WARN_CONSTANT_CONVERSION = YES;
				CLANG_WARN_DEPRECATED_OBJC_IMPLEMENTATIONS = YES;
				CLANG_WARN_DIRECT_OBJC_ISA_USAGE = YES_ERROR;
				CLANG_WARN_DOCUMENTATION_COMMENTS = YES;
				CLANG_WARN_EMPTY_BODY = YES;
				CLANG_WARN_ENUM_CONVERSION = YES;
				CLANG_WARN_INFINITE_RECURSION = YES;
				CLANG_WARN_INT_CONVERSION = YES;
				CLANG_WARN_NON_LITERAL_NULL_CONVERSION = YES;
				CLANG_WARN_OBJC_IMPLICIT_RETAIN_SELF = YES;
				CLANG_WARN_OBJC_LITERAL_CONVERSION = YES;
				CLANG_WARN_OBJC_ROOT_CLASS = YES_ERROR;
				CLANG_WARN_RANGE_LOOP_ANALYSIS = YES;
				CLANG_WARN_STRICT_PROTOTYPES = YES;
				CLANG_WARN_SUSPICIOUS_MOVE = YES;
				CLANG_WARN_UNGUARDED_AVAILABILITY = YES_AGGRESSIVE;
				CLANG_WARN_UNREACHABLE_CODE = YES;
				CLANG_WARN__DUPLICATE_METHOD_MATCH = YES;
				COPY_PHASE_STRIP = NO;
				DEBUG_INFORMATION_FORMAT = "dwarf-with-dsym";
				ENABLE_NS_ASSERTIONS = NO;
				ENABLE_STRICT_OBJC_MSGSEND = YES;
				GCC_C_LANGUAGE_STANDARD = gnu11;
				GCC_NO_COMMON_BLOCKS = YES;
				GCC_WARN_64_TO_32_BIT_CONVERSION = YES;
				GCC_WARN_ABOUT_RETURN_TYPE = YES_ERROR;
				GCC_WARN_UNDECLARED_SELECTOR = YES;
				GCC_WARN_UNINITIALIZED_AUTOS = YES_AGGRESSIVE;
				GCC_WARN_UNUSED_FUNCTION = YES;
				GCC_WARN_UNUSED_VARIABLE = YES;
				IPHONEOS_DEPLOYMENT_TARGET = 13.2;
				MTL_ENABLE_DEBUG_INFO = NO;
				MTL_FAST_MATH = YES;
				SDKROOT = iphoneos;
				SWIFT_COMPILATION_MODE = wholemodule;
				SWIFT_OPTIMIZATION_LEVEL = "-O";
				VALIDATE_PRODUCT = YES;
			};
			name = Release;
		};
		1FA5157C23B574C8008A1713 /* Debug */ = {
			isa = XCBuildConfiguration;
			baseConfigurationReference = 8CCF5332D2742689E71275D6 /* Pods-Inspiration.debug.xcconfig */;
			buildSettings = {
				ASSETCATALOG_COMPILER_APPICON_NAME = AppIcon;
				CODE_SIGN_STYLE = Automatic;
				DEVELOPMENT_TEAM = P68NKZ4NT5;
				INFOPLIST_FILE = Inspiration/Info.plist;
				IPHONEOS_DEPLOYMENT_TARGET = 13.0;
				LD_RUNPATH_SEARCH_PATHS = (
					"$(inherited)",
					"@executable_path/Frameworks",
				);
				PRODUCT_BUNDLE_IDENTIFIER = com.JakeGarcia.Inspiration;
				PRODUCT_NAME = "$(TARGET_NAME)";
				SWIFT_VERSION = 5.0;
				TARGETED_DEVICE_FAMILY = 1;
			};
			name = Debug;
		};
		1FA5157D23B574C8008A1713 /* Release */ = {
			isa = XCBuildConfiguration;
			baseConfigurationReference = ACB0EED5FD46EBC1A2E94BCE /* Pods-Inspiration.release.xcconfig */;
			buildSettings = {
				ASSETCATALOG_COMPILER_APPICON_NAME = AppIcon;
				CODE_SIGN_STYLE = Automatic;
				DEVELOPMENT_TEAM = P68NKZ4NT5;
				INFOPLIST_FILE = Inspiration/Info.plist;
				IPHONEOS_DEPLOYMENT_TARGET = 13.0;
				LD_RUNPATH_SEARCH_PATHS = (
					"$(inherited)",
					"@executable_path/Frameworks",
				);
				PRODUCT_BUNDLE_IDENTIFIER = com.JakeGarcia.Inspiration;
				PRODUCT_NAME = "$(TARGET_NAME)";
				SWIFT_VERSION = 5.0;
				TARGETED_DEVICE_FAMILY = 1;
			};
			name = Release;
		};
/* End XCBuildConfiguration section */

/* Begin XCConfigurationList section */
		1FA5156223B574C8008A1713 /* Build configuration list for PBXProject "Inspiration" */ = {
			isa = XCConfigurationList;
			buildConfigurations = (
				1FA5157923B574C8008A1713 /* Debug */,
				1FA5157A23B574C8008A1713 /* Release */,
			);
			defaultConfigurationIsVisible = 0;
			defaultConfigurationName = Release;
		};
		1FA5157B23B574C8008A1713 /* Build configuration list for PBXNativeTarget "Inspiration" */ = {
			isa = XCConfigurationList;
			buildConfigurations = (
				1FA5157C23B574C8008A1713 /* Debug */,
				1FA5157D23B574C8008A1713 /* Release */,
			);
			defaultConfigurationIsVisible = 0;
			defaultConfigurationName = Release;
		};
/* End XCConfigurationList section */
	};
	rootObject = 1FA5155F23B574C8008A1713 /* Project object */;
}
